<?xml version="1.0" encoding="utf-8"?>
<Project ToolsVersion="4.0" xmlns="http://schemas.microsoft.com/developer/msbuild/2003">
  <ItemGroup>
    <Filter Include="Source Files">
      <UniqueIdentifier>{4FC737F1-C7A5-4376-A066-2A32D752A2FF}</UniqueIdentifier>
      <Extensions>cpp;c;cc;cxx;def;odl;idl;hpj;bat;asm;asmx</Extensions>
    </Filter>
    <Filter Include="Resource Files">
      <UniqueIdentifier>{67DA6AB6-F800-4c08-8B7A-83BB121AAD01}</UniqueIdentifier>
      <Extensions>rc;ico;cur;bmp;dlg;rc2;rct;bin;rgs;gif;jpg;jpeg;jpe;resx;tiff;tif;png;wav;mfcribbon-ms</Extensions>
    </Filter>
    <Filter Include="Header Files">
      <UniqueIdentifier>{93995380-89BD-4b04-88EB-625FBE52EBFB}</UniqueIdentifier>
      <Extensions>h;hh;hpp;hxx;hm;inl;inc;ipp;xsd</Extensions>
    </Filter>
    <Filter Include="Menu and UI">
      <UniqueIdentifier>{b380717a-5219-480d-9fea-68e773747e07}</UniqueIdentifier>
    </Filter>
    <Filter Include="DirectX">
      <UniqueIdentifier>{05386d3b-fc56-478a-bd88-18219cbd7514}</UniqueIdentifier>
    </Filter>
    <Filter Include="DirectX\Header Files">
      <UniqueIdentifier>{4a6c250c-dce0-4b46-87b6-32e3a512c1b1}</UniqueIdentifier>
    </Filter>
    <Filter Include="DirectX\Source Files">
      <UniqueIdentifier>{a71d286a-dcb8-47fb-8811-81c1b7730abd}</UniqueIdentifier>
    </Filter>
    <Filter Include="Menu and UI\Header Files">
      <UniqueIdentifier>{61806fa1-9493-405a-80ba-6674e7da2842}</UniqueIdentifier>
    </Filter>
    <Filter Include="Menu and UI\Source Files">
      <UniqueIdentifier>{fbebb67f-1c4c-443a-bbd3-b36f41926465}</UniqueIdentifier>
    </Filter>
    <Filter Include="Input Devices">
      <UniqueIdentifier>{0aacb008-a516-4065-b40f-edb7d65cd2bb}</UniqueIdentifier>
    </Filter>
    <Filter Include="Input Devices\Header Files">
      <UniqueIdentifier>{60eb7a02-c660-474d-b3a0-6b89de00c581}</UniqueIdentifier>
    </Filter>
    <Filter Include="Input Devices\Source Files">
      <UniqueIdentifier>{8ad01356-bb6c-4993-885e-f354dbeecfb0}</UniqueIdentifier>
    </Filter>
    <Filter Include="Game Objects">
      <UniqueIdentifier>{3256c620-a6a4-4aad-bd5d-e42441569d13}</UniqueIdentifier>
    </Filter>
    <Filter Include="Game Objects\Header Files">
      <UniqueIdentifier>{41e0523e-263b-48ca-8a7d-768878c0bfbd}</UniqueIdentifier>
    </Filter>
    <Filter Include="Game Objects\Source Files">
      <UniqueIdentifier>{54e2d5b3-73c5-471b-86f0-11b9d577fefb}</UniqueIdentifier>
    </Filter>
    <Filter Include="Game Modes">
      <UniqueIdentifier>{86ed6e6e-5da6-4fe9-a12f-75e72f8a74da}</UniqueIdentifier>
    </Filter>
    <Filter Include="Game Modes\Header Files">
      <UniqueIdentifier>{dcfdb0d7-848a-4533-b6b4-4e8a2cba5170}</UniqueIdentifier>
    </Filter>
    <Filter Include="Game Modes\Source Files">
      <UniqueIdentifier>{965d1785-88e9-44b0-ae75-5947b7021614}</UniqueIdentifier>
    </Filter>
    <Filter Include="Game Objects\Items">
      <UniqueIdentifier>{4332bffd-d73d-49a2-bf7b-0198be0cd6bc}</UniqueIdentifier>
    </Filter>
    <Filter Include="Game Objects\Items\Header Files">
      <UniqueIdentifier>{29462fca-5cfd-4c21-9639-665a940c4d09}</UniqueIdentifier>
    </Filter>
    <Filter Include="Game Objects\Items\Source Files">
      <UniqueIdentifier>{80ad8e76-cd11-4cef-9e7e-8481c76a22b2}</UniqueIdentifier>
    </Filter>
    <Filter Include="Game Objects\Characters">
      <UniqueIdentifier>{90c702d1-7ab9-4022-9e40-ba50595a009b}</UniqueIdentifier>
    </Filter>
    <Filter Include="Game Objects\Characters\Header Files">
      <UniqueIdentifier>{a156d76f-f24b-4da0-91bc-b7078783e554}</UniqueIdentifier>
    </Filter>
    <Filter Include="Game Objects\Characters\Source Files">
      <UniqueIdentifier>{c2b58c06-cc83-4b2e-b5a3-afa5cbbdf9b8}</UniqueIdentifier>
    </Filter>
  </ItemGroup>
  <ItemGroup>
    <ClCompile Include="main.cpp">
      <Filter>Source Files</Filter>
    </ClCompile>
    <ClCompile Include="D3D.cpp">
      <Filter>DirectX\Source Files</Filter>
    </ClCompile>
    <ClCompile Include="D3DUtil.cpp">
      <Filter>DirectX\Source Files</Filter>
    </ClCompile>
    <ClCompile Include="TextureCache.cpp">
      <Filter>DirectX\Source Files</Filter>
    </ClCompile>
    <ClCompile Include="WindowUtil.cpp">
      <Filter>DirectX\Source Files</Filter>
    </ClCompile>
    <ClCompile Include="MenuNode.cpp">
      <Filter>Menu and UI\Source Files</Filter>
    </ClCompile>
    <ClCompile Include="NodeTypes.cpp">
      <Filter>Menu and UI\Source Files</Filter>
    </ClCompile>
    <ClCompile Include="MenuManager.cpp">
      <Filter>Menu and UI\Source Files</Filter>
    </ClCompile>
    <ClCompile Include="Font.cpp">
      <Filter>Menu and UI\Source Files</Filter>
    </ClCompile>
    <ClCompile Include="Animator.cpp">
      <Filter>Game Objects\Source Files</Filter>
    </ClCompile>
    <ClCompile Include="Collision2D.cpp">
      <Filter>Game Objects\Source Files</Filter>
    </ClCompile>
    <ClCompile Include="Sprite.cpp">
      <Filter>Game Objects\Source Files</Filter>
    </ClCompile>
    <ClCompile Include="Input.cpp">
      <Filter>Input Devices\Source Files</Filter>
    </ClCompile>
    <ClCompile Include="GamePadInput.cpp">
      <Filter>Input Devices\Source Files</Filter>
    </ClCompile>
    <ClCompile Include="PlayMode.cpp">
      <Filter>Game Modes\Source Files</Filter>
    </ClCompile>
    <ClCompile Include="MainGame.cpp">
      <Filter>Game Modes\Source Files</Filter>
    </ClCompile>
    <ClCompile Include="ModeManager.cpp">
      <Filter>Game Modes\Source Files</Filter>
    </ClCompile>
    <ClCompile Include="MainMenu.cpp">
      <Filter>Game Modes\Source Files</Filter>
    </ClCompile>
    <ClCompile Include="EnergyBall.cpp">
      <Filter>Game Objects\Items\Source Files</Filter>
    </ClCompile>
    <ClCompile Include="Projectile.cpp">
      <Filter>Game Objects\Items\Source Files</Filter>
    </ClCompile>
    <ClCompile Include="Weapon.cpp">
      <Filter>Game Objects\Items\Source Files</Filter>
    </ClCompile>
    <ClCompile Include="Item.cpp">
      <Filter>Game Objects\Items\Source Files</Filter>
    </ClCompile>
    <ClCompile Include="CharacterBase.cpp">
      <Filter>Game Objects\Characters\Source Files</Filter>
    </ClCompile>
    <ClCompile Include="Player.cpp">
      <Filter>Game Objects\Characters\Source Files</Filter>
    </ClCompile>
    <ClCompile Include="Enemy.cpp">
      <Filter>Game Objects\Characters\Source Files</Filter>
    </ClCompile>
    <ClCompile Include="GameClock.cpp">
      <Filter>Menu and UI\Source Files</Filter>
    </ClCompile>
    <ClCompile Include="ItemShopMode.cpp">
      <Filter>Game Modes\Source Files</Filter>
    </ClCompile>
    <ClCompile Include="PlayerUI.cpp">
      <Filter>Menu and UI\Source Files</Filter>
    </ClCompile>
  </ItemGroup>
  <ItemGroup>
    <ClInclude Include="GameConstants.h">
      <Filter>Header Files</Filter>
    </ClInclude>
    <ClInclude Include="GameSettings.h">
      <Filter>Header Files</Filter>
    </ClInclude>
    <ClInclude Include="D3D.h">
      <Filter>DirectX\Header Files</Filter>
    </ClInclude>
    <ClInclude Include="D3DUtil.h">
      <Filter>DirectX\Header Files</Filter>
    </ClInclude>
    <ClInclude Include="TextureCache.h">
      <Filter>DirectX\Header Files</Filter>
    </ClInclude>
    <ClInclude Include="WindowUtil.h">
      <Filter>DirectX\Header Files</Filter>
    </ClInclude>
    <ClInclude Include="MenuNode.h">
      <Filter>Menu and UI\Header Files</Filter>
    </ClInclude>
    <ClInclude Include="NodeTypes.h">
      <Filter>Menu and UI\Header Files</Filter>
    </ClInclude>
    <ClInclude Include="MenuManager.h">
      <Filter>Menu and UI\Header Files</Filter>
    </ClInclude>
    <ClInclude Include="Font.h">
      <Filter>Menu and UI\Header Files</Filter>
    </ClInclude>
    <ClInclude Include="Animator.h">
      <Filter>Game Objects\Header Files</Filter>
    </ClInclude>
    <ClInclude Include="Collision2D.h">
      <Filter>Game Objects\Header Files</Filter>
    </ClInclude>
    <ClInclude Include="GameObject.h">
      <Filter>Game Objects\Header Files</Filter>
    </ClInclude>
    <ClInclude Include="Input.h">
      <Filter>Input Devices\Header Files</Filter>
    </ClInclude>
    <ClInclude Include="GamePadInput.h">
      <Filter>Input Devices\Header Files</Filter>
    </ClInclude>
    <ClInclude Include="MainGame.h">
      <Filter>Game Modes\Header Files</Filter>
    </ClInclude>
    <ClInclude Include="PlayMode.h">
      <Filter>Game Modes\Header Files</Filter>
    </ClInclude>
    <ClInclude Include="Singleton.h">
      <Filter>Header Files</Filter>
    </ClInclude>
    <ClInclude Include="ModeBase.h">
      <Filter>Game Modes\Header Files</Filter>
    </ClInclude>
    <ClInclude Include="ModeManager.h">
      <Filter>Game Modes\Header Files</Filter>
    </ClInclude>
    <ClInclude Include="MainMenu.h">
      <Filter>Game Modes\Header Files</Filter>
    </ClInclude>
    <ClInclude Include="EnergyBall.h">
      <Filter>Game Objects\Items\Header Files</Filter>
    </ClInclude>
    <ClInclude Include="Item.h">
      <Filter>Game Objects\Items\Header Files</Filter>
    </ClInclude>
    <ClInclude Include="Weapon.h">
      <Filter>Game Objects\Items\Header Files</Filter>
    </ClInclude>
    <ClInclude Include="Projectile.h">
      <Filter>Game Objects\Items\Header Files</Filter>
    </ClInclude>
    <ClInclude Include="CharacterBase.h">
      <Filter>Game Objects\Characters\Header Files</Filter>
    </ClInclude>
    <ClInclude Include="Player.h">
      <Filter>Game Objects\Characters\Header Files</Filter>
    </ClInclude>
    <ClInclude Include="Enemy.h">
      <Filter>Game Objects\Characters\Header Files</Filter>
    </ClInclude>
    <ClInclude Include="Sprite.h">
      <Filter>Game Objects\Header Files</Filter>
    </ClInclude>
    <ClInclude Include="HealthHandler.h">
      <Filter>Game Objects\Characters\Header Files</Filter>
    </ClInclude>
    <ClInclude Include="GameClock.h">
      <Filter>Menu and UI\Header Files</Filter>
    </ClInclude>
    <ClInclude Include="ItemShopMode.h">
      <Filter>Game Modes\Header Files</Filter>
    </ClInclude>
    <ClInclude Include="PlayerUI.h">
      <Filter>Menu and UI\Header Files</Filter>
    </ClInclude>
  </ItemGroup>
</Project>