<?xml version="1.0" encoding="utf-8"?>
<Project ToolsVersion="4.0" xmlns="http://schemas.microsoft.com/developer/msbuild/2003">
  <ItemGroup>
    <Filter Include="Source Files">
      <UniqueIdentifier>{4FC737F1-C7A5-4376-A066-2A32D752A2FF}</UniqueIdentifier>
      <Extensions>cpp;c;cc;cxx;def;odl;idl;hpj;bat;asm;asmx</Extensions>
    </Filter>
    <Filter Include="Resource Files">
      <UniqueIdentifier>{67DA6AB6-F800-4c08-8B7A-83BB121AAD01}</UniqueIdentifier>
      <Extensions>rc;ico;cur;bmp;dlg;rc2;rct;bin;rgs;gif;jpg;jpeg;jpe;resx;tiff;tif;png;wav;mfcribbon-ms</Extensions>
    </Filter>
    <Filter Include="Header Files">
      <UniqueIdentifier>{93995380-89BD-4b04-88EB-625FBE52EBFB}</UniqueIdentifier>
      <Extensions>h;hh;hpp;hxx;hm;inl;inc;ipp;xsd</Extensions>
    </Filter>
    <Filter Include="Menu and UI">
      <UniqueIdentifier>{b380717a-5219-480d-9fea-68e773747e07}</UniqueIdentifier>
    </Filter>
    <Filter Include="DirectX">
      <UniqueIdentifier>{05386d3b-fc56-478a-bd88-18219cbd7514}</UniqueIdentifier>
    </Filter>
    <Filter Include="DirectX\Header Files">
      <UniqueIdentifier>{4a6c250c-dce0-4b46-87b6-32e3a512c1b1}</UniqueIdentifier>
    </Filter>
    <Filter Include="DirectX\Source Files">
      <UniqueIdentifier>{a71d286a-dcb8-47fb-8811-81c1b7730abd}</UniqueIdentifier>
    </Filter>
    <Filter Include="Menu and UI\Header Files">
      <UniqueIdentifier>{61806fa1-9493-405a-80ba-6674e7da2842}</UniqueIdentifier>
    </Filter>
    <Filter Include="Menu and UI\Source Files">
      <UniqueIdentifier>{fbebb67f-1c4c-443a-bbd3-b36f41926465}</UniqueIdentifier>
    </Filter>
  </ItemGroup>
  <ItemGroup>
    <ClCompile Include="main.cpp">
      <Filter>Source Files</Filter>
    </ClCompile>
    <ClCompile Include="MainGame.cpp">
      <Filter>Source Files</Filter>
    </ClCompile>
    <ClCompile Include="PlayMode.cpp">
      <Filter>Source Files</Filter>
    </ClCompile>
    <ClCompile Include="Sprite.cpp">
      <Filter>Source Files</Filter>
    </ClCompile>
    <ClCompile Include="Input.cpp">
      <Filter>Source Files</Filter>
    </ClCompile>
    <ClCompile Include="Player.cpp">
      <Filter>Source Files</Filter>
    </ClCompile>
    <ClCompile Include="Collision2D.cpp">
      <Filter>Source Files</Filter>
    </ClCompile>
    <ClCompile Include="GameObject.cpp">
      <Filter>Source Files</Filter>
    </ClCompile>
    <ClCompile Include="Animator.cpp">
      <Filter>Source Files</Filter>
    </ClCompile>
    <ClCompile Include="GamePadInput.cpp">
      <Filter>Source Files</Filter>
    </ClCompile>
    <ClCompile Include="D3D.cpp">
      <Filter>DirectX\Source Files</Filter>
    </ClCompile>
    <ClCompile Include="D3DUtil.cpp">
      <Filter>DirectX\Source Files</Filter>
    </ClCompile>
    <ClCompile Include="TextureCache.cpp">
      <Filter>DirectX\Source Files</Filter>
    </ClCompile>
    <ClCompile Include="WindowUtil.cpp">
      <Filter>DirectX\Source Files</Filter>
    </ClCompile>
    <ClCompile Include="MenuNode.cpp">
      <Filter>Menu and UI\Source Files</Filter>
    </ClCompile>
    <ClCompile Include="NodeTypes.cpp">
      <Filter>Menu and UI\Source Files</Filter>
    </ClCompile>
    <ClCompile Include="MenuManager.cpp">
      <Filter>Menu and UI\Source Files</Filter>
    </ClCompile>
    <ClCompile Include="Font.cpp">
      <Filter>Menu and UI\Source Files</Filter>
    </ClCompile>
  </ItemGroup>
  <ItemGroup>
    <ClInclude Include="MainGame.h">
      <Filter>Header Files</Filter>
    </ClInclude>
    <ClInclude Include="PlayMode.h">
      <Filter>Header Files</Filter>
    </ClInclude>
    <ClInclude Include="Sprite.h">
      <Filter>Header Files</Filter>
    </ClInclude>
    <ClInclude Include="GameConstants.h">
      <Filter>Header Files</Filter>
    </ClInclude>
    <ClInclude Include="Input.h">
      <Filter>Header Files</Filter>
    </ClInclude>
    <ClInclude Include="Player.h">
      <Filter>Header Files</Filter>
    </ClInclude>
    <ClInclude Include="Collision2D.h">
      <Filter>Header Files</Filter>
    </ClInclude>
    <ClInclude Include="GameObject.h">
      <Filter>Header Files</Filter>
    </ClInclude>
    <ClInclude Include="Animator.h">
      <Filter>Header Files</Filter>
    </ClInclude>
    <ClInclude Include="GamePadInput.h">
      <Filter>Header Files</Filter>
    </ClInclude>
    <ClInclude Include="GameSettings.h">
      <Filter>Header Files</Filter>
    </ClInclude>
    <ClInclude Include="D3D.h">
      <Filter>DirectX\Header Files</Filter>
    </ClInclude>
    <ClInclude Include="D3DUtil.h">
      <Filter>DirectX\Header Files</Filter>
    </ClInclude>
    <ClInclude Include="TextureCache.h">
      <Filter>DirectX\Header Files</Filter>
    </ClInclude>
    <ClInclude Include="WindowUtil.h">
      <Filter>DirectX\Header Files</Filter>
    </ClInclude>
    <ClInclude Include="MenuNode.h">
      <Filter>Menu and UI\Header Files</Filter>
    </ClInclude>
    <ClInclude Include="NodeTypes.h">
      <Filter>Menu and UI\Header Files</Filter>
    </ClInclude>
    <ClInclude Include="MenuManager.h">
      <Filter>Menu and UI\Header Files</Filter>
    </ClInclude>
    <ClInclude Include="Font.h">
      <Filter>Menu and UI\Header Files</Filter>
    </ClInclude>
  </ItemGroup>
</Project>